// !$*UTF8*$!
{
	archiveVersion = 1;
	classes = {
	};
	objectVersion = 56;
	objects = {

/* Begin PBXBuildFile section */
		71CF2A0E298EA77000C48585 /* AppDelegate.swift in Sources */ = {isa = PBXBuildFile; fileRef = 71CF2A0D298EA77000C48585 /* AppDelegate.swift */; };
		71CF2A10298EA77000C48585 /* SceneDelegate.swift in Sources */ = {isa = PBXBuildFile; fileRef = 71CF2A0F298EA77000C48585 /* SceneDelegate.swift */; };
		71CF2A12298EA77000C48585 /* ViewController.swift in Sources */ = {isa = PBXBuildFile; fileRef = 71CF2A11298EA77000C48585 /* ViewController.swift */; };
		71CF2A15298EA77000C48585 /* Main.storyboard in Resources */ = {isa = PBXBuildFile; fileRef = 71CF2A13298EA77000C48585 /* Main.storyboard */; };
		71CF2A17298EA77300C48585 /* Assets.xcassets in Resources */ = {isa = PBXBuildFile; fileRef = 71CF2A16298EA77300C48585 /* Assets.xcassets */; };
		71CF2A1A298EA77300C48585 /* LaunchScreen.storyboard in Resources */ = {isa = PBXBuildFile; fileRef = 71CF2A18298EA77300C48585 /* LaunchScreen.storyboard */; };
		71CF2A23298EA87300C48585 /* Alamofire in Frameworks */ = {isa = PBXBuildFile; productRef = 71CF2A22298EA87300C48585 /* Alamofire */; };
		71CF2A29298EAE8000C48585 /* Weather.storyboard in Resources */ = {isa = PBXBuildFile; fileRef = 71CF2A28298EAE8000C48585 /* Weather.storyboard */; };
		71CF2A2B298EAF0600C48585 /* WeatherViewController.swift in Sources */ = {isa = PBXBuildFile; fileRef = 71CF2A2A298EAF0600C48585 /* WeatherViewController.swift */; };
		71CF2A2D298EAF3B00C48585 /* WeatherViewModel.swift in Sources */ = {isa = PBXBuildFile; fileRef = 71CF2A2C298EAF3B00C48585 /* WeatherViewModel.swift */; };
		71CF2A2F298EB60E00C48585 /* WeatherService.swift in Sources */ = {isa = PBXBuildFile; fileRef = 71CF2A2E298EB60E00C48585 /* WeatherService.swift */; };
		71CF2A31298EB66900C48585 /* WeatherInfo.swift in Sources */ = {isa = PBXBuildFile; fileRef = 71CF2A30298EB66900C48585 /* WeatherInfo.swift */; };
/* End PBXBuildFile section */

/* Begin PBXFileReference section */
		71CF2A0A298EA77000C48585 /* WeatherTestApp.app */ = {isa = PBXFileReference; explicitFileType = wrapper.application; includeInIndex = 0; path = WeatherTestApp.app; sourceTree = BUILT_PRODUCTS_DIR; };
		71CF2A0D298EA77000C48585 /* AppDelegate.swift */ = {isa = PBXFileReference; lastKnownFileType = sourcecode.swift; path = AppDelegate.swift; sourceTree = "<group>"; };
		71CF2A0F298EA77000C48585 /* SceneDelegate.swift */ = {isa = PBXFileReference; lastKnownFileType = sourcecode.swift; path = SceneDelegate.swift; sourceTree = "<group>"; };
		71CF2A11298EA77000C48585 /* ViewController.swift */ = {isa = PBXFileReference; lastKnownFileType = sourcecode.swift; path = ViewController.swift; sourceTree = "<group>"; };
		71CF2A14298EA77000C48585 /* Base */ = {isa = PBXFileReference; lastKnownFileType = file.storyboard; name = Base; path = Base.lproj/Main.storyboard; sourceTree = "<group>"; };
		71CF2A16298EA77300C48585 /* Assets.xcassets */ = {isa = PBXFileReference; lastKnownFileType = folder.assetcatalog; path = Assets.xcassets; sourceTree = "<group>"; };
		71CF2A19298EA77300C48585 /* Base */ = {isa = PBXFileReference; lastKnownFileType = file.storyboard; name = Base; path = Base.lproj/LaunchScreen.storyboard; sourceTree = "<group>"; };
		71CF2A1B298EA77300C48585 /* Info.plist */ = {isa = PBXFileReference; lastKnownFileType = text.plist.xml; path = Info.plist; sourceTree = "<group>"; };
		71CF2A28298EAE8000C48585 /* Weather.storyboard */ = {isa = PBXFileReference; lastKnownFileType = file.storyboard; path = Weather.storyboard; sourceTree = "<group>"; };
		71CF2A2A298EAF0600C48585 /* WeatherViewController.swift */ = {isa = PBXFileReference; lastKnownFileType = sourcecode.swift; path = WeatherViewController.swift; sourceTree = "<group>"; };
		71CF2A2C298EAF3B00C48585 /* WeatherViewModel.swift */ = {isa = PBXFileReference; lastKnownFileType = sourcecode.swift; path = WeatherViewModel.swift; sourceTree = "<group>"; };
		71CF2A2E298EB60E00C48585 /* WeatherService.swift */ = {isa = PBXFileReference; lastKnownFileType = sourcecode.swift; path = WeatherService.swift; sourceTree = "<group>"; };
		71CF2A30298EB66900C48585 /* WeatherInfo.swift */ = {isa = PBXFileReference; lastKnownFileType = sourcecode.swift; path = WeatherInfo.swift; sourceTree = "<group>"; };
/* End PBXFileReference section */

/* Begin PBXFrameworksBuildPhase section */
		71CF2A07298EA77000C48585 /* Frameworks */ = {
			isa = PBXFrameworksBuildPhase;
			buildActionMask = 2147483647;
			files = (
				71CF2A23298EA87300C48585 /* Alamofire in Frameworks */,
			);
			runOnlyForDeploymentPostprocessing = 0;
		};
/* End PBXFrameworksBuildPhase section */

/* Begin PBXGroup section */
		71CF2A01298EA77000C48585 = {
			isa = PBXGroup;
			children = (
				71CF2A0C298EA77000C48585 /* WeatherTestApp */,
				71CF2A0B298EA77000C48585 /* Products */,
			);
			sourceTree = "<group>";
		};
		71CF2A0B298EA77000C48585 /* Products */ = {
			isa = PBXGroup;
			children = (
				71CF2A0A298EA77000C48585 /* WeatherTestApp.app */,
			);
			name = Products;
			sourceTree = "<group>";
		};
		71CF2A0C298EA77000C48585 /* WeatherTestApp */ = {
			isa = PBXGroup;
			children = (
				71CF2A24298EAA1300C48585 /* MainInterface */,
				71CF2A25298EAA2700C48585 /* WeatherInterface */,
				71CF2A26298EAA4800C48585 /* Models */,
				71CF2A27298EAA6A00C48585 /* Networking */,
				71CF2A0D298EA77000C48585 /* AppDelegate.swift */,
				71CF2A0F298EA77000C48585 /* SceneDelegate.swift */,
				71CF2A16298EA77300C48585 /* Assets.xcassets */,
				71CF2A18298EA77300C48585 /* LaunchScreen.storyboard */,
				71CF2A1B298EA77300C48585 /* Info.plist */,
			);
			path = WeatherTestApp;
			sourceTree = "<group>";
		};
		71CF2A24298EAA1300C48585 /* MainInterface */ = {
			isa = PBXGroup;
			children = (
				71CF2A11298EA77000C48585 /* ViewController.swift */,
				71CF2A13298EA77000C48585 /* Main.storyboard */,
			);
			path = MainInterface;
			sourceTree = "<group>";
		};
		71CF2A25298EAA2700C48585 /* WeatherInterface */ = {
			isa = PBXGroup;
			children = (
				71CF2A28298EAE8000C48585 /* Weather.storyboard */,
				71CF2A2A298EAF0600C48585 /* WeatherViewController.swift */,
				71CF2A2C298EAF3B00C48585 /* WeatherViewModel.swift */,
			);
			path = WeatherInterface;
			sourceTree = "<group>";
		};
		71CF2A26298EAA4800C48585 /* Models */ = {
			isa = PBXGroup;
			children = (
				71CF2A30298EB66900C48585 /* WeatherInfo.swift */,
			);
			path = Models;
			sourceTree = "<group>";
		};
		71CF2A27298EAA6A00C48585 /* Networking */ = {
			isa = PBXGroup;
			children = (
				71CF2A2E298EB60E00C48585 /* WeatherService.swift */,
			);
			path = Networking;
			sourceTree = "<group>";
		};
/* End PBXGroup section */

/* Begin PBXNativeTarget section */
		71CF2A09298EA77000C48585 /* WeatherTestApp */ = {
			isa = PBXNativeTarget;
			buildConfigurationList = 71CF2A1E298EA77300C48585 /* Build configuration list for PBXNativeTarget "WeatherTestApp" */;
			buildPhases = (
				71CF2A06298EA77000C48585 /* Sources */,
				71CF2A07298EA77000C48585 /* Frameworks */,
				71CF2A08298EA77000C48585 /* Resources */,
			);
			buildRules = (
			);
			dependencies = (
			);
			name = WeatherTestApp;
			packageProductDependencies = (
				71CF2A22298EA87300C48585 /* Alamofire */,
			);
			productName = WeatherTestApp;
			productReference = 71CF2A0A298EA77000C48585 /* WeatherTestApp.app */;
			productType = "com.apple.product-type.application";
		};
/* End PBXNativeTarget section */

/* Begin PBXProject section */
		71CF2A02298EA77000C48585 /* Project object */ = {
			isa = PBXProject;
			attributes = {
				BuildIndependentTargetsInParallel = 1;
				LastSwiftUpdateCheck = 1400;
				LastUpgradeCheck = 1400;
				TargetAttributes = {
					71CF2A09298EA77000C48585 = {
						CreatedOnToolsVersion = 14.0;
					};
				};
			};
			buildConfigurationList = 71CF2A05298EA77000C48585 /* Build configuration list for PBXProject "WeatherTestApp" */;
			compatibilityVersion = "Xcode 14.0";
			developmentRegion = en;
			hasScannedForEncodings = 0;
			knownRegions = (
				en,
				Base,
			);
			mainGroup = 71CF2A01298EA77000C48585;
			packageReferences = (
				71CF2A21298EA87300C48585 /* XCRemoteSwiftPackageReference "Alamofire" */,
			);
			productRefGroup = 71CF2A0B298EA77000C48585 /* Products */;
			projectDirPath = "";
			projectRoot = "";
			targets = (
				71CF2A09298EA77000C48585 /* WeatherTestApp */,
			);
		};
/* End PBXProject section */

/* Begin PBXResourcesBuildPhase section */
		71CF2A08298EA77000C48585 /* Resources */ = {
			isa = PBXResourcesBuildPhase;
			buildActionMask = 2147483647;
			files = (
				71CF2A1A298EA77300C48585 /* LaunchScreen.storyboard in Resources */,
				71CF2A29298EAE8000C48585 /* Weather.storyboard in Resources */,
				71CF2A17298EA77300C48585 /* Assets.xcassets in Resources */,
				71CF2A15298EA77000C48585 /* Main.storyboard in Resources */,
			);
			runOnlyForDeploymentPostprocessing = 0;
		};
/* End PBXResourcesBuildPhase section */

/* Begin PBXSourcesBuildPhase section */
		71CF2A06298EA77000C48585 /* Sources */ = {
			isa = PBXSourcesBuildPhase;
			buildActionMask = 2147483647;
			files = (
				71CF2A31298EB66900C48585 /* WeatherInfo.swift in Sources */,
				71CF2A2D298EAF3B00C48585 /* WeatherViewModel.swift in Sources */,
				71CF2A12298EA77000C48585 /* ViewController.swift in Sources */,
				71CF2A2B298EAF0600C48585 /* WeatherViewController.swift in Sources */,
				71CF2A0E298EA77000C48585 /* AppDelegate.swift in Sources */,
				71CF2A2F298EB60E00C48585 /* WeatherService.swift in Sources */,
				71CF2A10298EA77000C48585 /* SceneDelegate.swift in Sources */,
			);
			runOnlyForDeploymentPostprocessing = 0;
		};
/* End PBXSourcesBuildPhase section */

/* Begin PBXVariantGroup section */
		71CF2A13298EA77000C48585 /* Main.storyboard */ = {
			isa = PBXVariantGroup;
			children = (
				71CF2A14298EA77000C48585 /* Base */,
			);
			name = Main.storyboard;
			sourceTree = "<group>";
		};
		71CF2A18298EA77300C48585 /* LaunchScreen.storyboard */ = {
			isa = PBXVariantGroup;
			children = (
				71CF2A19298EA77300C48585 /* Base */,
			);
			name = LaunchScreen.storyboard;
			sourceTree = "<group>";
		};
/* End PBXVariantGroup section */

/* Begin XCBuildConfiguration section */
		71CF2A1C298EA77300C48585 /* Debug */ = {
			isa = XCBuildConfiguration;
			buildSettings = {
				ALWAYS_SEARCH_USER_PATHS = NO;
				CLANG_ANALYZER_NONNULL = YES;
				CLANG_ANALYZER_NUMBER_OBJECT_CONVERSION = YES_AGGRESSIVE;
				CLANG_CXX_LANGUAGE_STANDARD = "gnu++20";
				CLANG_ENABLE_MODULES = YES;
				CLANG_ENABLE_OBJC_ARC = YES;
				CLANG_ENABLE_OBJC_WEAK = YES;
				CLANG_WARN_BLOCK_CAPTURE_AUTORELEASING = YES;
				CLANG_WARN_BOOL_CONVERSION = YES;
				CLANG_WARN_COMMA = YES;
				CLANG_WARN_CONSTANT_CONVERSION = YES;
				CLANG_WARN_DEPRECATED_OBJC_IMPLEMENTATIONS = YES;
				CLANG_WARN_DIRECT_OBJC_ISA_USAGE = YES_ERROR;
				CLANG_WARN_DOCUMENTATION_COMMENTS = YES;
				CLANG_WARN_EMPTY_BODY = YES;
				CLANG_WARN_ENUM_CONVERSION = YES;
				CLANG_WARN_INFINITE_RECURSION = YES;
				CLANG_WARN_INT_CONVERSION = YES;
				CLANG_WARN_NON_LITERAL_NULL_CONVERSION = YES;
				CLANG_WARN_OBJC_IMPLICIT_RETAIN_SELF = YES;
				CLANG_WARN_OBJC_LITERAL_CONVERSION = YES;
				CLANG_WARN_OBJC_ROOT_CLASS = YES_ERROR;
				CLANG_WARN_QUOTED_INCLUDE_IN_FRAMEWORK_HEADER = YES;
				CLANG_WARN_RANGE_LOOP_ANALYSIS = YES;
				CLANG_WARN_STRICT_PROTOTYPES = YES;
				CLANG_WARN_SUSPICIOUS_MOVE = YES;
				CLANG_WARN_UNGUARDED_AVAILABILITY = YES_AGGRESSIVE;
				CLANG_WARN_UNREACHABLE_CODE = YES;
				CLANG_WARN__DUPLICATE_METHOD_MATCH = YES;
				COPY_PHASE_STRIP = NO;
				DEBUG_INFORMATION_FORMAT = dwarf;
				ENABLE_STRICT_OBJC_MSGSEND = YES;
				ENABLE_TESTABILITY = YES;
				GCC_C_LANGUAGE_STANDARD = gnu11;
				GCC_DYNAMIC_NO_PIC = NO;
				GCC_NO_COMMON_BLOCKS = YES;
				GCC_OPTIMIZATION_LEVEL = 0;
				GCC_PREPROCESSOR_DEFINITIONS = (
					"DEBUG=1",
					"$(inherited)",
				);
				GCC_WARN_64_TO_32_BIT_CONVERSION = YES;
				GCC_WARN_ABOUT_RETURN_TYPE = YES_ERROR;
				GCC_WARN_UNDECLARED_SELECTOR = YES;
				GCC_WARN_UNINITIALIZED_AUTOS = YES_AGGRESSIVE;
				GCC_WARN_UNUSED_FUNCTION = YES;
				GCC_WARN_UNUSED_VARIABLE = YES;
				IPHONEOS_DEPLOYMENT_TARGET = 16.0;
				MTL_ENABLE_DEBUG_INFO = INCLUDE_SOURCE;
				MTL_FAST_MATH = YES;
				ONLY_ACTIVE_ARCH = YES;
				SDKROOT = iphoneos;
				SWIFT_ACTIVE_COMPILATION_CONDITIONS = DEBUG;
				SWIFT_OPTIMIZATION_LEVEL = "-Onone";
			};
			name = Debug;
		};
		71CF2A1D298EA77300C48585 /* Release */ = {
			isa = XCBuildConfiguration;
			buildSettings = {
				ALWAYS_SEARCH_USER_PATHS = NO;
				CLANG_ANALYZER_NONNULL = YES;
				CLANG_ANALYZER_NUMBER_OBJECT_CONVERSION = YES_AGGRESSIVE;
				CLANG_CXX_LANGUAGE_STANDARD = "gnu++20";
				CLANG_ENABLE_MODULES = YES;
				CLANG_ENABLE_OBJC_ARC = YES;
				CLANG_ENABLE_OBJC_WEAK = YES;
				CLANG_WARN_BLOCK_CAPTURE_AUTORELEASING = YES;
				CLANG_WARN_BOOL_CONVERSION = YES;
				CLANG_WARN_COMMA = YES;
				CLANG_WARN_CONSTANT_CONVERSION = YES;
				CLANG_WARN_DEPRECATED_OBJC_IMPLEMENTATIONS = YES;
				CLANG_WARN_DIRECT_OBJC_ISA_USAGE = YES_ERROR;
				CLANG_WARN_DOCUMENTATION_COMMENTS = YES;
				CLANG_WARN_EMPTY_BODY = YES;
				CLANG_WARN_ENUM_CONVERSION = YES;
				CLANG_WARN_INFINITE_RECURSION = YES;
				CLANG_WARN_INT_CONVERSION = YES;
				CLANG_WARN_NON_LITERAL_NULL_CONVERSION = YES;
				CLANG_WARN_OBJC_IMPLICIT_RETAIN_SELF = YES;
				CLANG_WARN_OBJC_LITERAL_CONVERSION = YES;
				CLANG_WARN_OBJC_ROOT_CLASS = YES_ERROR;
				CLANG_WARN_QUOTED_INCLUDE_IN_FRAMEWORK_HEADER = YES;
				CLANG_WARN_RANGE_LOOP_ANALYSIS = YES;
				CLANG_WARN_STRICT_PROTOTYPES = YES;
				CLANG_WARN_SUSPICIOUS_MOVE = YES;
				CLANG_WARN_UNGUARDED_AVAILABILITY = YES_AGGRESSIVE;
				CLANG_WARN_UNREACHABLE_CODE = YES;
				CLANG_WARN__DUPLICATE_METHOD_MATCH = YES;
				COPY_PHASE_STRIP = NO;
				DEBUG_INFORMATION_FORMAT = "dwarf-with-dsym";
				ENABLE_NS_ASSERTIONS = NO;
				ENABLE_STRICT_OBJC_MSGSEND = YES;
				GCC_C_LANGUAGE_STANDARD = gnu11;
				GCC_NO_COMMON_BLOCKS = YES;
				GCC_WARN_64_TO_32_BIT_CONVERSION = YES;
				GCC_WARN_ABOUT_RETURN_TYPE = YES_ERROR;
				GCC_WARN_UNDECLARED_SELECTOR = YES;
				GCC_WARN_UNINITIALIZED_AUTOS = YES_AGGRESSIVE;
				GCC_WARN_UNUSED_FUNCTION = YES;
				GCC_WARN_UNUSED_VARIABLE = YES;
				IPHONEOS_DEPLOYMENT_TARGET = 16.0;
				MTL_ENABLE_DEBUG_INFO = NO;
				MTL_FAST_MATH = YES;
				SDKROOT = iphoneos;
				SWIFT_COMPILATION_MODE = wholemodule;
				SWIFT_OPTIMIZATION_LEVEL = "-O";
				VALIDATE_PRODUCT = YES;
			};
			name = Release;
		};
		71CF2A1F298EA77300C48585 /* Debug */ = {
			isa = XCBuildConfiguration;
			buildSettings = {
				ASSETCATALOG_COMPILER_APPICON_NAME = AppIcon;
				ASSETCATALOG_COMPILER_GLOBAL_ACCENT_COLOR_NAME = AccentColor;
				CODE_SIGN_STYLE = Automatic;
				CURRENT_PROJECT_VERSION = 1;
				DEVELOPMENT_TEAM = 73HJ4V6TMH;
				GENERATE_INFOPLIST_FILE = YES;
				INFOPLIST_FILE = WeatherTestApp/Info.plist;
				INFOPLIST_KEY_UIApplicationSupportsIndirectInputEvents = YES;
				INFOPLIST_KEY_UILaunchStoryboardName = LaunchScreen;
				INFOPLIST_KEY_UIMainStoryboardFile = Main;
				INFOPLIST_KEY_UISupportedInterfaceOrientations_iPad = "UIInterfaceOrientationPortrait UIInterfaceOrientationPortraitUpsideDown UIInterfaceOrientationLandscapeLeft UIInterfaceOrientationLandscapeRight";
				INFOPLIST_KEY_UISupportedInterfaceOrientations_iPhone = "UIInterfaceOrientationPortrait UIInterfaceOrientationLandscapeLeft UIInterfaceOrientationLandscapeRight";
				LD_RUNPATH_SEARCH_PATHS = (
					"$(inherited)",
					"@executable_path/Frameworks",
				);
				MARKETING_VERSION = 1.0;
				PRODUCT_BUNDLE_IDENTIFIER = com.training.WeatherTestApp;
				PRODUCT_NAME = "$(TARGET_NAME)";
				SWIFT_EMIT_LOC_STRINGS = YES;
				SWIFT_VERSION = 5.0;
				TARGETED_DEVICE_FAMILY = "1,2";
			};
			name = Debug;
		};
		71CF2A20298EA77300C48585 /* Release */ = {
			isa = XCBuildConfiguration;
			buildSettings = {
				ASSETCATALOG_COMPILER_APPICON_NAME = AppIcon;
				ASSETCATALOG_COMPILER_GLOBAL_ACCENT_COLOR_NAME = AccentColor;
				CODE_SIGN_STYLE = Automatic;
				CURRENT_PROJECT_VERSION = 1;
				DEVELOPMENT_TEAM = 73HJ4V6TMH;
				GENERATE_INFOPLIST_FILE = YES;
				INFOPLIST_FILE = WeatherTestApp/Info.plist;
				INFOPLIST_KEY_UIApplicationSupportsIndirectInputEvents = YES;
				INFOPLIST_KEY_UILaunchStoryboardName = LaunchScreen;
				INFOPLIST_KEY_UIMainStoryboardFile = Main;
				INFOPLIST_KEY_UISupportedInterfaceOrientations_iPad = "UIInterfaceOrientationPortrait UIInterfaceOrientationPortraitUpsideDown UIInterfaceOrientationLandscapeLeft UIInterfaceOrientationLandscapeRight";
				INFOPLIST_KEY_UISupportedInterfaceOrientations_iPhone = "UIInterfaceOrientationPortrait UIInterfaceOrientationLandscapeLeft UIInterfaceOrientationLandscapeRight";
				LD_RUNPATH_SEARCH_PATHS = (
					"$(inherited)",
					"@executable_path/Frameworks",
				);
				MARKETING_VERSION = 1.0;
				PRODUCT_BUNDLE_IDENTIFIER = com.training.WeatherTestApp;
				PRODUCT_NAME = "$(TARGET_NAME)";
				SWIFT_EMIT_LOC_STRINGS = YES;
				SWIFT_VERSION = 5.0;
				TARGETED_DEVICE_FAMILY = "1,2";
			};
			name = Release;
		};
/* End XCBuildConfiguration section */

/* Begin XCConfigurationList section */
		71CF2A05298EA77000C48585 /* Build configuration list for PBXProject "WeatherTestApp" */ = {
			isa = XCConfigurationList;
			buildConfigurations = (
				71CF2A1C298EA77300C48585 /* Debug */,
				71CF2A1D298EA77300C48585 /* Release */,
			);
			defaultConfigurationIsVisible = 0;
			defaultConfigurationName = Release;
		};
		71CF2A1E298EA77300C48585 /* Build configuration list for PBXNativeTarget "WeatherTestApp" */ = {
			isa = XCConfigurationList;
			buildConfigurations = (
				71CF2A1F298EA77300C48585 /* Debug */,
				71CF2A20298EA77300C48585 /* Release */,
			);
			defaultConfigurationIsVisible = 0;
			defaultConfigurationName = Release;
		};
/* End XCConfigurationList section */

/* Begin XCRemoteSwiftPackageReference section */
		71CF2A21298EA87300C48585 /* XCRemoteSwiftPackageReference "Alamofire" */ = {
			isa = XCRemoteSwiftPackageReference;
			repositoryURL = "https://github.com/Alamofire/Alamofire.git";
			requirement = {
				branch = master;
				kind = branch;
			};
		};
/* End XCRemoteSwiftPackageReference section */

/* Begin XCSwiftPackageProductDependency section */
		71CF2A22298EA87300C48585 /* Alamofire */ = {
			isa = XCSwiftPackageProductDependency;
			package = 71CF2A21298EA87300C48585 /* XCRemoteSwiftPackageReference "Alamofire" */;
			productName = Alamofire;
		};
/* End XCSwiftPackageProductDependency section */
	};
	rootObject = 71CF2A02298EA77000C48585 /* Project object */;
}
